[root]
name = "find-planets"
version = "0.1.0"
dependencies = [
 "png 0.9.0 (registry+https://github.com/rust-lang/crates.io-index)",
 "simple_csv 0.0.15 (registry+https://github.com/rust-lang/crates.io-index)",
]

[[package]]
name = "adler32"
version = "1.0.2"
source = "registry+https://github.com/rust-lang/crates.io-index"

[[package]]
name = "bitflags"
version = "0.9.1"
source = "registry+https://github.com/rust-lang/crates.io-index"

[[package]]
name = "byteorder"
version = "1.1.0"
source = "registry+https://github.com/rust-lang/crates.io-index"

[[package]]
name = "deflate"
version = "0.7.16"
source = "registry+https://github.com/rust-lang/crates.io-index"
dependencies = [
 "adler32 1.0.2 (registry+https://github.com/rust-lang/crates.io-index)",
 "byteorder 1.1.0 (registry+https://github.com/rust-lang/crates.io-index)",
]

[[package]]
name = "inflate"
version = "0.2.0"
source = "registry+https://github.com/rust-lang/crates.io-index"

[[package]]
name = "num-integer"
version = "0.1.35"
source = "registry+https://github.com/rust-lang/crates.io-index"
dependencies = [
 "num-traits 0.1.40 (registry+https://github.com/rust-lang/crates.io-index)",
]

[[package]]
name = "num-iter"
version = "0.1.34"
source = "registry+https://github.com/rust-lang/crates.io-index"
dependencies = [
 "num-integer 0.1.35 (registry+https://github.com/rust-lang/crates.io-index)",
 "num-traits 0.1.40 (registry+https://github.com/rust-lang/crates.io-index)",
]

[[package]]
name = "num-traits"
version = "0.1.40"
source = "registry+https://github.com/rust-lang/crates.io-index"

[[package]]
name = "png"
version = "0.9.0"
source = "registry+https://github.com/rust-lang/crates.io-index"
dependencies = [
 "bitflags 0.9.1 (registry+https://github.com/rust-lang/crates.io-index)",
 "deflate 0.7.16 (registry+https://github.com/rust-lang/crates.io-index)",
 "inflate 0.2.0 (registry+https://github.com/rust-lang/crates.io-index)",
 "num-iter 0.1.34 (registry+https://github.com/rust-lang/crates.io-index)",
]

[[package]]
name = "simple_csv"
version = "0.0.15"
source = "registry+https://github.com/rust-lang/crates.io-index"

[metadata]
"checksum adler32 1.0.2 (registry+https://github.com/rust-lang/crates.io-index)" = "6cbd0b9af8587c72beadc9f72d35b9fbb070982c9e6203e46e93f10df25f8f45"
"checksum bitflags 0.9.1 (registry+https://github.com/rust-lang/crates.io-index)" = "4efd02e230a02e18f92fc2735f44597385ed02ad8f831e7c1c1156ee5e1ab3a5"
"checksum byteorder 1.1.0 (registry+https://github.com/rust-lang/crates.io-index)" = "ff81738b726f5d099632ceaffe7fb65b90212e8dce59d518729e7e8634032d3d"
"checksum deflate 0.7.16 (registry+https://github.com/rust-lang/crates.io-index)" = "c4b2a7e3365fa1e8afd32147b543adaa3390f0115e8af5884abc2f854052792b"
"checksum inflate 0.2.0 (registry+https://github.com/rust-lang/crates.io-index)" = "d1238524675af3938a7c74980899535854b88ba07907bb1c944abe5b8fc437e5"
"checksum num-integer 0.1.35 (registry+https://github.com/rust-lang/crates.io-index)" = "d1452e8b06e448a07f0e6ebb0bb1d92b8890eea63288c0b627331d53514d0fba"
"checksum num-iter 0.1.34 (registry+https://github.com/rust-lang/crates.io-index)" = "7485fcc84f85b4ecd0ea527b14189281cf27d60e583ae65ebc9c088b13dffe01"
"checksum num-traits 0.1.40 (registry+https://github.com/rust-lang/crates.io-index)" = "99843c856d68d8b4313b03a17e33c4bb42ae8f6610ea81b28abe076ac721b9b0"
"checksum png 0.9.0 (registry+https://github.com/rust-lang/crates.io-index)" = "f256476eee4447f55909d52d22a16cfa6e5e55e5cb77fa182c7fcc8c4456ee3c"
"checksum simple_csv 0.0.15 (registry+https://github.com/rust-lang/crates.io-index)" = "44678cff420c3d6034a58f9c98339544e9117c6aae49618fe7d14424df77c2d7"
